
Microsoft Visual Studio Solution File, Format Version 12.00
# Visual Studio Version 16
VisualStudioVersion = 16.0.30104.148
MinimumVisualStudioVersion = 10.0.40219.1
Project("{FAE04EC0-301F-11D3-BF4B-00C04F79EFBC}") = "ConsoleApp2", "ConsoleApp2\ConsoleApp2.csproj", "{AB9B694D-FF5D-41BD-8AB4-C2973BAB98A6}"
EndProject
Global
	GlobalSection(SolutionConfigurationPlatforms) = preSolution
		Debug|Any CPU = Debug|Any CPU
		Release|Any CPU = Release|Any CPU
	EndGlobalSection
	GlobalSection(ProjectConfigurationPlatforms) = postSolution
		{AB9B694D-FF5D-41BD-8AB4-C2973BAB98A6}.Debug|Any CPU.ActiveCfg = Debug|Any CPU
		{AB9B694D-FF5D-41BD-8AB4-C2973BAB98A6}.Debug|Any CPU.Build.0 = Debug|Any CPU
		{AB9B694D-FF5D-41BD-8AB4-C2973BAB98A6}.Release|Any CPU.ActiveCfg = Release|Any CPU
		{AB9B694D-FF5D-41BD-8AB4-C2973BAB98A6}.Release|Any CPU.Build.0 = Release|Any CPU
	EndGlobalSection
	GlobalSection(SolutionProperties) = preSolution
		HideSolutionNode = FALSE
	EndGlobalSection
	GlobalSection(ExtensibilityGlobals) = postSolution
		SolutionGuid = {02B55D6F-FD6D-40FB-82E9-79E5767D1C76}
	EndGlobalSection
EndGlobal
